
Microsoft Visual Studio Solution File, Format Version 12.00
Project("{2150E333-8FDC-42A3-9474-1A3956D46DE8}") = "src", "src", "{2229FE6C-7590-4BCF-9EF5-DE314E21E89E}"
EndProject
Project("{2150E333-8FDC-42A3-9474-1A3956D46DE8}") = "Common", "Common", "{21D86544-4800-456D-963F-11107CA23A26}"
EndProject
Project("{2150E333-8FDC-42A3-9474-1A3956D46DE8}") = "Core", "Core", "{EE90B43F-C88E-422B-943B-59EE27DAAD3C}"
EndProject
Project("{2150E333-8FDC-42A3-9474-1A3956D46DE8}") = "Infrastructure", "Infrastructure", "{0701C026-12EC-4F92-A98F-90D631F54E68}"
EndProject
Project("{2150E333-8FDC-42A3-9474-1A3956D46DE8}") = "Presentation", "Presentation", "{C5F0A26B-0035-4DBC-9AED-045D09B07632}"
EndProject
Project("{FAE04EC0-301F-11D3-BF4B-00C04F79EFBC}") = "Persistance", "Persistance\Persistance.csproj", "{46F79326-9B16-46F7-8825-7ABFA333186C}"
EndProject
Project("{FAE04EC0-301F-11D3-BF4B-00C04F79EFBC}") = "Infrastructure", "Infrastructure\Infrastructure.csproj", "{3DFFA072-F150-4673-B41A-B996F829E737}"
EndProject
Project("{FAE04EC0-301F-11D3-BF4B-00C04F79EFBC}") = "Domain", "Domain\Domain.csproj", "{AA20BAAA-710B-4D4F-82FA-1E382C603A36}"
EndProject
Project("{FAE04EC0-301F-11D3-BF4B-00C04F79EFBC}") = "Application", "Application\Application.csproj", "{ADB549DE-E96F-4F5B-807E-13E910F8FF97}"
EndProject
Project("{FAE04EC0-301F-11D3-BF4B-00C04F79EFBC}") = "API", "API\API.csproj", "{F0A69BF0-E3BA-4645-8754-12B36373081A}"
EndProject
Global
	GlobalSection(SolutionConfigurationPlatforms) = preSolution
		Debug|Any CPU = Debug|Any CPU
		Release|Any CPU = Release|Any CPU
	EndGlobalSection
	GlobalSection(ProjectConfigurationPlatforms) = postSolution
		{46F79326-9B16-46F7-8825-7ABFA333186C}.Debug|Any CPU.ActiveCfg = Debug|Any CPU
		{46F79326-9B16-46F7-8825-7ABFA333186C}.Debug|Any CPU.Build.0 = Debug|Any CPU
		{46F79326-9B16-46F7-8825-7ABFA333186C}.Release|Any CPU.ActiveCfg = Release|Any CPU
		{46F79326-9B16-46F7-8825-7ABFA333186C}.Release|Any CPU.Build.0 = Release|Any CPU
		{3DFFA072-F150-4673-B41A-B996F829E737}.Debug|Any CPU.ActiveCfg = Debug|Any CPU
		{3DFFA072-F150-4673-B41A-B996F829E737}.Debug|Any CPU.Build.0 = Debug|Any CPU
		{3DFFA072-F150-4673-B41A-B996F829E737}.Release|Any CPU.ActiveCfg = Release|Any CPU
		{3DFFA072-F150-4673-B41A-B996F829E737}.Release|Any CPU.Build.0 = Release|Any CPU
		{AA20BAAA-710B-4D4F-82FA-1E382C603A36}.Debug|Any CPU.ActiveCfg = Debug|Any CPU
		{AA20BAAA-710B-4D4F-82FA-1E382C603A36}.Debug|Any CPU.Build.0 = Debug|Any CPU
		{AA20BAAA-710B-4D4F-82FA-1E382C603A36}.Release|Any CPU.ActiveCfg = Release|Any CPU
		{AA20BAAA-710B-4D4F-82FA-1E382C603A36}.Release|Any CPU.Build.0 = Release|Any CPU
		{ADB549DE-E96F-4F5B-807E-13E910F8FF97}.Debug|Any CPU.ActiveCfg = Debug|Any CPU
		{ADB549DE-E96F-4F5B-807E-13E910F8FF97}.Debug|Any CPU.Build.0 = Debug|Any CPU
		{ADB549DE-E96F-4F5B-807E-13E910F8FF97}.Release|Any CPU.ActiveCfg = Release|Any CPU
		{ADB549DE-E96F-4F5B-807E-13E910F8FF97}.Release|Any CPU.Build.0 = Release|Any CPU
		{F0A69BF0-E3BA-4645-8754-12B36373081A}.Debug|Any CPU.ActiveCfg = Debug|Any CPU
		{F0A69BF0-E3BA-4645-8754-12B36373081A}.Debug|Any CPU.Build.0 = Debug|Any CPU
		{F0A69BF0-E3BA-4645-8754-12B36373081A}.Release|Any CPU.ActiveCfg = Release|Any CPU
		{F0A69BF0-E3BA-4645-8754-12B36373081A}.Release|Any CPU.Build.0 = Release|Any CPU
	EndGlobalSection
	GlobalSection(NestedProjects) = preSolution
		{21D86544-4800-456D-963F-11107CA23A26} = {2229FE6C-7590-4BCF-9EF5-DE314E21E89E}
		{EE90B43F-C88E-422B-943B-59EE27DAAD3C} = {2229FE6C-7590-4BCF-9EF5-DE314E21E89E}
		{0701C026-12EC-4F92-A98F-90D631F54E68} = {2229FE6C-7590-4BCF-9EF5-DE314E21E89E}
		{C5F0A26B-0035-4DBC-9AED-045D09B07632} = {2229FE6C-7590-4BCF-9EF5-DE314E21E89E}
		{46F79326-9B16-46F7-8825-7ABFA333186C} = {0701C026-12EC-4F92-A98F-90D631F54E68}
		{3DFFA072-F150-4673-B41A-B996F829E737} = {0701C026-12EC-4F92-A98F-90D631F54E68}
		{AA20BAAA-710B-4D4F-82FA-1E382C603A36} = {EE90B43F-C88E-422B-943B-59EE27DAAD3C}
		{ADB549DE-E96F-4F5B-807E-13E910F8FF97} = {EE90B43F-C88E-422B-943B-59EE27DAAD3C}
		{F0A69BF0-E3BA-4645-8754-12B36373081A} = {C5F0A26B-0035-4DBC-9AED-045D09B07632}
	EndGlobalSection
EndGlobal
